
Microsoft Visual Studio Solution File, Format Version 12.00
# Visual Studio Version 16
VisualStudioVersion = 16.0.30517.126
MinimumVisualStudioVersion = 10.0.40219.1
Project("{FAE04EC0-301F-11D3-BF4B-00C04F79EFBC}") = "Search_Algorithm_For_HW2", "Search_Algorithm_For_HW2\Search_Algorithm_For_HW2.csproj", "{1AF0DCDA-EBF3-469B-AFEF-BC8B5E3F0FE2}"
EndProject
Project("{FAE04EC0-301F-11D3-BF4B-00C04F79EFBC}") = "Search_Algorithm_For_HW2Tests", "Search_Algorithm_For_HW2Tests\Search_Algorithm_For_HW2Tests.csproj", "{A87DDFEA-F49B-48CC-90D1-0B933A8F5BF1}"
EndProject
Global
	GlobalSection(SolutionConfigurationPlatforms) = preSolution
		Debug|Any CPU = Debug|Any CPU
		Release|Any CPU = Release|Any CPU
	EndGlobalSection
	GlobalSection(ProjectConfigurationPlatforms) = postSolution
		{1AF0DCDA-EBF3-469B-AFEF-BC8B5E3F0FE2}.Debug|Any CPU.ActiveCfg = Debug|Any CPU
		{1AF0DCDA-EBF3-469B-AFEF-BC8B5E3F0FE2}.Debug|Any CPU.Build.0 = Debug|Any CPU
		{1AF0DCDA-EBF3-469B-AFEF-BC8B5E3F0FE2}.Release|Any CPU.ActiveCfg = Release|Any CPU
		{1AF0DCDA-EBF3-469B-AFEF-BC8B5E3F0FE2}.Release|Any CPU.Build.0 = Release|Any CPU
		{A87DDFEA-F49B-48CC-90D1-0B933A8F5BF1}.Debug|Any CPU.ActiveCfg = Debug|Any CPU
		{A87DDFEA-F49B-48CC-90D1-0B933A8F5BF1}.Debug|Any CPU.Build.0 = Debug|Any CPU
		{A87DDFEA-F49B-48CC-90D1-0B933A8F5BF1}.Release|Any CPU.ActiveCfg = Release|Any CPU
		{A87DDFEA-F49B-48CC-90D1-0B933A8F5BF1}.Release|Any CPU.Build.0 = Release|Any CPU
	EndGlobalSection
	GlobalSection(SolutionProperties) = preSolution
		HideSolutionNode = FALSE
	EndGlobalSection
	GlobalSection(ExtensibilityGlobals) = postSolution
		SolutionGuid = {D762273C-1905-4432-8917-07695A307B31}
	EndGlobalSection
EndGlobal
